
Microsoft Visual Studio Solution File, Format Version 12.00
# Visual Studio Version 17
VisualStudioVersion = 17.5.33530.505
MinimumVisualStudioVersion = 10.0.40219.1
Project("{2150E333-8FDC-42A3-9474-1A3956D46DE8}") = "src", "src", "{2AAC40E0-17AB-45E1-9D63-4CD985AB359A}"
EndProject
Project("{9A19103F-16F7-4668-BE54-9A1E7A4F7556}") = "RoomBookingSystem.Application", "src\RoomBookingSystem.Application\RoomBookingSystem.Application.csproj", "{8845DDF1-40C5-4363-ADC4-6C0CC431788E}"
EndProject
Project("{9A19103F-16F7-4668-BE54-9A1E7A4F7556}") = "RoomBookingSystem.Interfaces", "src\RoomBookingSystem.Interfaces\RoomBookingSystem.Interfaces.csproj", "{DDBDA623-4342-4834-8C3D-0869A0B2251E}"
EndProject
Project("{9A19103F-16F7-4668-BE54-9A1E7A4F7556}") = "RoomBookingSystem.Services", "src\RoomBookingSystem.Services\RoomBookingSystem.Services.csproj", "{D17D5E72-57B0-41B6-8A5A-C40DB0C05949}"
EndProject
Project("{2150E333-8FDC-42A3-9474-1A3956D46DE8}") = "tests", "tests", "{E0B288A1-1CB8-4797-AC9B-B8D6D9F8D098}"
EndProject
Project("{9A19103F-16F7-4668-BE54-9A1E7A4F7556}") = "RoomBookingSystem.Repositories", "src\RoomBookingSystem.Repositories\RoomBookingSystem.Repositories.csproj", "{FF6D8CFF-FBA2-47FA-A9AB-5EF33AF41FB6}"
EndProject
Project("{9A19103F-16F7-4668-BE54-9A1E7A4F7556}") = "RoomBookingSystem.Tests", "tests\RoomBookingSystem.Tests\RoomBookingSystem.Tests.csproj", "{1BDE503C-4FC9-428F-89A9-07C33A703636}"
EndProject
Global
	GlobalSection(SolutionConfigurationPlatforms) = preSolution
		Debug|Any CPU = Debug|Any CPU
		Release|Any CPU = Release|Any CPU
	EndGlobalSection
	GlobalSection(ProjectConfigurationPlatforms) = postSolution
		{8845DDF1-40C5-4363-ADC4-6C0CC431788E}.Debug|Any CPU.ActiveCfg = Debug|Any CPU
		{8845DDF1-40C5-4363-ADC4-6C0CC431788E}.Debug|Any CPU.Build.0 = Debug|Any CPU
		{8845DDF1-40C5-4363-ADC4-6C0CC431788E}.Release|Any CPU.ActiveCfg = Release|Any CPU
		{8845DDF1-40C5-4363-ADC4-6C0CC431788E}.Release|Any CPU.Build.0 = Release|Any CPU
		{DDBDA623-4342-4834-8C3D-0869A0B2251E}.Debug|Any CPU.ActiveCfg = Debug|Any CPU
		{DDBDA623-4342-4834-8C3D-0869A0B2251E}.Debug|Any CPU.Build.0 = Debug|Any CPU
		{DDBDA623-4342-4834-8C3D-0869A0B2251E}.Release|Any CPU.ActiveCfg = Release|Any CPU
		{DDBDA623-4342-4834-8C3D-0869A0B2251E}.Release|Any CPU.Build.0 = Release|Any CPU
		{D17D5E72-57B0-41B6-8A5A-C40DB0C05949}.Debug|Any CPU.ActiveCfg = Debug|Any CPU
		{D17D5E72-57B0-41B6-8A5A-C40DB0C05949}.Debug|Any CPU.Build.0 = Debug|Any CPU
		{D17D5E72-57B0-41B6-8A5A-C40DB0C05949}.Release|Any CPU.ActiveCfg = Release|Any CPU
		{D17D5E72-57B0-41B6-8A5A-C40DB0C05949}.Release|Any CPU.Build.0 = Release|Any CPU
		{FF6D8CFF-FBA2-47FA-A9AB-5EF33AF41FB6}.Debug|Any CPU.ActiveCfg = Debug|Any CPU
		{FF6D8CFF-FBA2-47FA-A9AB-5EF33AF41FB6}.Debug|Any CPU.Build.0 = Debug|Any CPU
		{FF6D8CFF-FBA2-47FA-A9AB-5EF33AF41FB6}.Release|Any CPU.ActiveCfg = Release|Any CPU
		{FF6D8CFF-FBA2-47FA-A9AB-5EF33AF41FB6}.Release|Any CPU.Build.0 = Release|Any CPU
		{1BDE503C-4FC9-428F-89A9-07C33A703636}.Debug|Any CPU.ActiveCfg = Debug|Any CPU
		{1BDE503C-4FC9-428F-89A9-07C33A703636}.Debug|Any CPU.Build.0 = Debug|Any CPU
		{1BDE503C-4FC9-428F-89A9-07C33A703636}.Release|Any CPU.ActiveCfg = Release|Any CPU
		{1BDE503C-4FC9-428F-89A9-07C33A703636}.Release|Any CPU.Build.0 = Release|Any CPU
	EndGlobalSection
	GlobalSection(SolutionProperties) = preSolution
		HideSolutionNode = FALSE
	EndGlobalSection
	GlobalSection(NestedProjects) = preSolution
		{8845DDF1-40C5-4363-ADC4-6C0CC431788E} = {2AAC40E0-17AB-45E1-9D63-4CD985AB359A}
		{DDBDA623-4342-4834-8C3D-0869A0B2251E} = {2AAC40E0-17AB-45E1-9D63-4CD985AB359A}
		{D17D5E72-57B0-41B6-8A5A-C40DB0C05949} = {2AAC40E0-17AB-45E1-9D63-4CD985AB359A}
		{FF6D8CFF-FBA2-47FA-A9AB-5EF33AF41FB6} = {2AAC40E0-17AB-45E1-9D63-4CD985AB359A}
		{1BDE503C-4FC9-428F-89A9-07C33A703636} = {E0B288A1-1CB8-4797-AC9B-B8D6D9F8D098}
	EndGlobalSection
	GlobalSection(ExtensibilityGlobals) = postSolution
		SolutionGuid = {9EC0260A-4988-40D8-84A8-D1A737F1BCDA}
	EndGlobalSection
EndGlobal
